{
  "name": "@kmamal/watcher",
  "version": "0.0.0",
  "lockfileVersion": 3,
  "requires": true,
  "packages": {
    "": {
      "name": "@kmamal/watcher",
      "version": "0.0.0",
      "license": "MIT",
      "dependencies": {
        "@kmamal/util": "^0.1.13"
      },
      "devDependencies": {
        "@kmamal/testing": "^0.0.24"
      }
    },
    "node_modules/@kmamal/async": {
      "version": "0.0.3",
      "resolved": "https://registry.npmjs.org/@kmamal/async/-/async-0.0.3.tgz",
      "integrity": "sha512-rMpRbRN5C+cXVl5TWah8/uOGr1Co4LPBn/p/hK1Vyz2l14obqmoHnxKux2sH1bFsr6RB2gTFd9Qeqr3qA5gzkA==",
      "dev": true,
      "dependencies": {
        "@kmamal/util": "^0.1.6"
      }
    },
    "node_modules/@kmamal/fs": {
      "version": "0.0.15",
      "resolved": "https://registry.npmjs.org/@kmamal/fs/-/fs-0.0.15.tgz",
      "integrity": "sha512-mp7jutiUWQFKQHOystWvzmR4jn3iXjqlWU1Mq6j2kBmh3PdyXVfrZKDTDg7wtu4q/d8dr4X90fsO8vDbs7F1Ig==",
      "dev": true,
      "dependencies": {
        "@kmamal/async": "^0.0.3",
        "@kmamal/util": "^0.1.10"
      }
    },
    "node_modules/@kmamal/globs": {
      "version": "0.0.1",
      "resolved": "https://registry.npmjs.org/@kmamal/globs/-/globs-0.0.1.tgz",
      "integrity": "sha512-LLg1QjuGgOENevz/OQPmZK0i8XqaHGx5C8VPnf4jntJCpkuzI7BtDy8bfUxxuVsmL5tfTjZAmG19x5b4vv0H9g==",
      "dev": true,
      "dependencies": {
        "@kmamal/fs": "^0.0.15",
        "@kmamal/util": "^0.1.11"
      }
    },
    "node_modules/@kmamal/linked-list": {
      "version": "0.0.1",
      "resolved": "https://registry.npmjs.org/@kmamal/linked-list/-/linked-list-0.0.1.tgz",
      "integrity": "sha512-+zh1gjJHikF196idEBJ6kqw81FGU3pzzahAFdErv5K0ZzctbTb/p1ANquDGwZ2Xm6a6rD8efWdmtGGFh/Rbghw=="
    },
    "node_modules/@kmamal/testing": {
      "version": "0.0.24",
      "resolved": "https://registry.npmjs.org/@kmamal/testing/-/testing-0.0.24.tgz",
      "integrity": "sha512-i9dxuIFJxbKRg4mR1yDcQYao6q0awUiSOOBMO9xgV3GdCJLJntwcXXy+DqfpIkTRVcNKXmSFl/dAhM5Lzk5Q0Q==",
      "dev": true,
      "dependencies": {
        "@kmamal/globs": "^0.0.1",
        "@kmamal/util": "^0.0.43"
      },
      "bin": {
        "testing": "bin/testing"
      }
    },
    "node_modules/@kmamal/testing/node_modules/@kmamal/util": {
      "version": "0.0.43",
      "resolved": "https://registry.npmjs.org/@kmamal/util/-/util-0.0.43.tgz",
      "integrity": "sha512-3p1B8LyVo7NDZrVQqFdrvuAP/wEm+zc0IdRaV3+otE+ehwqZWXBkQs5QrQxjz5aXZb52gq9PfNCs/7daLU5GLA==",
      "dev": true
    },
    "node_modules/@kmamal/util": {
      "version": "0.1.13",
      "resolved": "https://registry.npmjs.org/@kmamal/util/-/util-0.1.13.tgz",
      "integrity": "sha512-xMMA3DZRPpVJP4PRARkyBm6H+rQrkiu5dncl5r9AgdmuyAn45z4vkDJQx7pIHKE8WtGNkGvPGNHtIbsam/wFwA==",
      "dependencies": {
        "@kmamal/linked-list": "^0.0.1"
      }
    }
  }
}
